
Microsoft Visual Studio Solution File, Format Version 12.00
# Visual Studio Version 17
VisualStudioVersion = 17.2.32526.322
MinimumVisualStudioVersion = 10.0.40219.1
Project("{FAE04EC0-301F-11D3-BF4B-00C04F79EFBC}") = "test apl", "test apl\test apl.csproj", "{75697421-8FD0-4287-872E-163D81BE725F}"
EndProject
Global
	GlobalSection(SolutionConfigurationPlatforms) = preSolution
		Debug|Any CPU = Debug|Any CPU
		Release|Any CPU = Release|Any CPU
	EndGlobalSection
	GlobalSection(ProjectConfigurationPlatforms) = postSolution
		{75697421-8FD0-4287-872E-163D81BE725F}.Debug|Any CPU.ActiveCfg = Debug|Any CPU
		{75697421-8FD0-4287-872E-163D81BE725F}.Debug|Any CPU.Build.0 = Debug|Any CPU
		{75697421-8FD0-4287-872E-163D81BE725F}.Release|Any CPU.ActiveCfg = Release|Any CPU
		{75697421-8FD0-4287-872E-163D81BE725F}.Release|Any CPU.Build.0 = Release|Any CPU
	EndGlobalSection
	GlobalSection(SolutionProperties) = preSolution
		HideSolutionNode = FALSE
	EndGlobalSection
	GlobalSection(ExtensibilityGlobals) = postSolution
		SolutionGuid = {4B21FB32-0C88-47FA-8B7E-0F63A7C75320}
	EndGlobalSection
EndGlobal
