
Microsoft Visual Studio Solution File, Format Version 12.00
# Visual Studio Version 17
VisualStudioVersion = 17.2.32526.322
MinimumVisualStudioVersion = 10.0.40219.1
Project("{FAE04EC0-301F-11D3-BF4B-00C04F79EFBC}") = "test_api", "test_api\test_api.csproj", "{57A71243-95EB-4933-B9E4-ACC0C2C7ECB9}"
EndProject
Global
	GlobalSection(SolutionConfigurationPlatforms) = preSolution
		Debug|Any CPU = Debug|Any CPU
		Release|Any CPU = Release|Any CPU
	EndGlobalSection
	GlobalSection(ProjectConfigurationPlatforms) = postSolution
		{57A71243-95EB-4933-B9E4-ACC0C2C7ECB9}.Debug|Any CPU.ActiveCfg = Debug|Any CPU
		{57A71243-95EB-4933-B9E4-ACC0C2C7ECB9}.Debug|Any CPU.Build.0 = Debug|Any CPU
		{57A71243-95EB-4933-B9E4-ACC0C2C7ECB9}.Release|Any CPU.ActiveCfg = Release|Any CPU
		{57A71243-95EB-4933-B9E4-ACC0C2C7ECB9}.Release|Any CPU.Build.0 = Release|Any CPU
	EndGlobalSection
	GlobalSection(SolutionProperties) = preSolution
		HideSolutionNode = FALSE
	EndGlobalSection
	GlobalSection(ExtensibilityGlobals) = postSolution
		SolutionGuid = {52F41BF5-074D-4E2D-9907-79D164F790D3}
	EndGlobalSection
EndGlobal
